
Microsoft Visual Studio Solution File, Format Version 12.00
# Visual Studio Version 17
VisualStudioVersion = 17.2.32516.85
MinimumVisualStudioVersion = 10.0.40219.1
Project("{2150E333-8FDC-42A3-9474-1A3956D46DE8}") = "Services", "Services", "{276E3E91-8014-4735-99D7-2D33FB4A5979}"
EndProject
Project("{2150E333-8FDC-42A3-9474-1A3956D46DE8}") = "Catalog", "Catalog", "{5DDDAAC4-3E5C-4D46-AAFD-22116127EBFA}"
EndProject
Project("{9A19103F-16F7-4668-BE54-9A1E7A4F7556}") = "CatalogAPI", "Services\Catalog\CatalogAPI\CatalogAPI.csproj", "{CA177B00-0A9D-4C89-9F92-F60C62F317BC}"
EndProject
Project("{E53339B2-1760-4266-BCC7-CA923CBCF16C}") = "docker-compose", "docker-compose.dcproj", "{4CBE15E1-3999-442C-8B16-303BD6804F84}"
EndProject
Project("{2150E333-8FDC-42A3-9474-1A3956D46DE8}") = "Solution Items", "Solution Items", "{EC090AAE-9408-4BEE-BDF4-E61C07F01A45}"
	ProjectSection(SolutionItems) = preProject
		init_mongo.js = init_mongo.js
	EndProjectSection
EndProject
Project("{2150E333-8FDC-42A3-9474-1A3956D46DE8}") = "Discount", "Discount", "{D638BF5A-72D5-4F6C-9B30-71F3F8A55274}"
EndProject
Project("{9A19103F-16F7-4668-BE54-9A1E7A4F7556}") = "DiscountAPI", "Services\Discount\DiscountAPI\DiscountAPI.csproj", "{CCCCC8F3-0605-4756-AA6E-0410EEB1BBBE}"
EndProject
Project("{2150E333-8FDC-42A3-9474-1A3956D46DE8}") = "NewFolder1", "NewFolder1", "{D6CE49CB-33F2-4C20-80ED-667A4A3A65FF}"
EndProject
Project("{2150E333-8FDC-42A3-9474-1A3956D46DE8}") = "Bucket", "Bucket", "{51F26B8C-5698-42BF-B03D-903DAD37426E}"
EndProject
Project("{9A19103F-16F7-4668-BE54-9A1E7A4F7556}") = "BucketAPI", "Services\Bucket\BucketAPI\BucketAPI.csproj", "{0362844C-F813-4C76-B434-08A79E57F6B4}"
EndProject
Project("{9A19103F-16F7-4668-BE54-9A1E7A4F7556}") = "DiscountGRPC", "Services\Discount\DiscountGRPC\DiscountGRPC.csproj", "{62358CF5-2757-40EB-93C2-5FD8A9F69649}"
EndProject
Project("{2150E333-8FDC-42A3-9474-1A3956D46DE8}") = "Ordering", "Ordering", "{A186986D-FA49-4071-B9E7-67DA3438564B}"
EndProject
Project("{9A19103F-16F7-4668-BE54-9A1E7A4F7556}") = "Ordering.API", "Services\Ordering\Ordering.API\Ordering.API.csproj", "{E0E59EE2-DF43-47C8-97F3-98319DB83FAD}"
EndProject
Project("{9A19103F-16F7-4668-BE54-9A1E7A4F7556}") = "Ordering.Domain", "Services\Ordering\Ordering.Domain\Ordering.Domain.csproj", "{91AD2E97-E776-4848-A52C-B3B152C3754A}"
EndProject
Project("{9A19103F-16F7-4668-BE54-9A1E7A4F7556}") = "Ordering.Application", "Services\Ordering\Ordering.Application\Ordering.Application.csproj", "{07EE31E7-8D67-40E1-9F03-2F719A93645D}"
EndProject
Project("{9A19103F-16F7-4668-BE54-9A1E7A4F7556}") = "Ordering.Infrastructure", "Services\Ordering\Ordering.Infrastructure\Ordering.Infrastructure.csproj", "{21690B71-396F-4C62-849B-6B1415D8AD6E}"
EndProject
Global
	GlobalSection(SolutionConfigurationPlatforms) = preSolution
		Debug|Any CPU = Debug|Any CPU
		Release|Any CPU = Release|Any CPU
	EndGlobalSection
	GlobalSection(ProjectConfigurationPlatforms) = postSolution
		{CA177B00-0A9D-4C89-9F92-F60C62F317BC}.Debug|Any CPU.ActiveCfg = Debug|Any CPU
		{CA177B00-0A9D-4C89-9F92-F60C62F317BC}.Debug|Any CPU.Build.0 = Debug|Any CPU
		{CA177B00-0A9D-4C89-9F92-F60C62F317BC}.Release|Any CPU.ActiveCfg = Release|Any CPU
		{CA177B00-0A9D-4C89-9F92-F60C62F317BC}.Release|Any CPU.Build.0 = Release|Any CPU
		{4CBE15E1-3999-442C-8B16-303BD6804F84}.Debug|Any CPU.ActiveCfg = Debug|Any CPU
		{4CBE15E1-3999-442C-8B16-303BD6804F84}.Debug|Any CPU.Build.0 = Debug|Any CPU
		{4CBE15E1-3999-442C-8B16-303BD6804F84}.Release|Any CPU.ActiveCfg = Release|Any CPU
		{4CBE15E1-3999-442C-8B16-303BD6804F84}.Release|Any CPU.Build.0 = Release|Any CPU
		{CCCCC8F3-0605-4756-AA6E-0410EEB1BBBE}.Debug|Any CPU.ActiveCfg = Debug|Any CPU
		{CCCCC8F3-0605-4756-AA6E-0410EEB1BBBE}.Debug|Any CPU.Build.0 = Debug|Any CPU
		{CCCCC8F3-0605-4756-AA6E-0410EEB1BBBE}.Release|Any CPU.ActiveCfg = Release|Any CPU
		{CCCCC8F3-0605-4756-AA6E-0410EEB1BBBE}.Release|Any CPU.Build.0 = Release|Any CPU
		{0362844C-F813-4C76-B434-08A79E57F6B4}.Debug|Any CPU.ActiveCfg = Debug|Any CPU
		{0362844C-F813-4C76-B434-08A79E57F6B4}.Debug|Any CPU.Build.0 = Debug|Any CPU
		{0362844C-F813-4C76-B434-08A79E57F6B4}.Release|Any CPU.ActiveCfg = Release|Any CPU
		{0362844C-F813-4C76-B434-08A79E57F6B4}.Release|Any CPU.Build.0 = Release|Any CPU
		{62358CF5-2757-40EB-93C2-5FD8A9F69649}.Debug|Any CPU.ActiveCfg = Debug|Any CPU
		{62358CF5-2757-40EB-93C2-5FD8A9F69649}.Debug|Any CPU.Build.0 = Debug|Any CPU
		{62358CF5-2757-40EB-93C2-5FD8A9F69649}.Release|Any CPU.ActiveCfg = Release|Any CPU
		{62358CF5-2757-40EB-93C2-5FD8A9F69649}.Release|Any CPU.Build.0 = Release|Any CPU
		{E0E59EE2-DF43-47C8-97F3-98319DB83FAD}.Debug|Any CPU.ActiveCfg = Debug|Any CPU
		{E0E59EE2-DF43-47C8-97F3-98319DB83FAD}.Debug|Any CPU.Build.0 = Debug|Any CPU
		{E0E59EE2-DF43-47C8-97F3-98319DB83FAD}.Release|Any CPU.ActiveCfg = Release|Any CPU
		{E0E59EE2-DF43-47C8-97F3-98319DB83FAD}.Release|Any CPU.Build.0 = Release|Any CPU
		{91AD2E97-E776-4848-A52C-B3B152C3754A}.Debug|Any CPU.ActiveCfg = Debug|Any CPU
		{91AD2E97-E776-4848-A52C-B3B152C3754A}.Debug|Any CPU.Build.0 = Debug|Any CPU
		{91AD2E97-E776-4848-A52C-B3B152C3754A}.Release|Any CPU.ActiveCfg = Release|Any CPU
		{91AD2E97-E776-4848-A52C-B3B152C3754A}.Release|Any CPU.Build.0 = Release|Any CPU
		{07EE31E7-8D67-40E1-9F03-2F719A93645D}.Debug|Any CPU.ActiveCfg = Debug|Any CPU
		{07EE31E7-8D67-40E1-9F03-2F719A93645D}.Debug|Any CPU.Build.0 = Debug|Any CPU
		{07EE31E7-8D67-40E1-9F03-2F719A93645D}.Release|Any CPU.ActiveCfg = Release|Any CPU
		{07EE31E7-8D67-40E1-9F03-2F719A93645D}.Release|Any CPU.Build.0 = Release|Any CPU
		{21690B71-396F-4C62-849B-6B1415D8AD6E}.Debug|Any CPU.ActiveCfg = Debug|Any CPU
		{21690B71-396F-4C62-849B-6B1415D8AD6E}.Debug|Any CPU.Build.0 = Debug|Any CPU
		{21690B71-396F-4C62-849B-6B1415D8AD6E}.Release|Any CPU.ActiveCfg = Release|Any CPU
		{21690B71-396F-4C62-849B-6B1415D8AD6E}.Release|Any CPU.Build.0 = Release|Any CPU
	EndGlobalSection
	GlobalSection(SolutionProperties) = preSolution
		HideSolutionNode = FALSE
	EndGlobalSection
	GlobalSection(NestedProjects) = preSolution
		{5DDDAAC4-3E5C-4D46-AAFD-22116127EBFA} = {276E3E91-8014-4735-99D7-2D33FB4A5979}
		{CA177B00-0A9D-4C89-9F92-F60C62F317BC} = {5DDDAAC4-3E5C-4D46-AAFD-22116127EBFA}
		{D638BF5A-72D5-4F6C-9B30-71F3F8A55274} = {276E3E91-8014-4735-99D7-2D33FB4A5979}
		{CCCCC8F3-0605-4756-AA6E-0410EEB1BBBE} = {D638BF5A-72D5-4F6C-9B30-71F3F8A55274}
		{D6CE49CB-33F2-4C20-80ED-667A4A3A65FF} = {D638BF5A-72D5-4F6C-9B30-71F3F8A55274}
		{51F26B8C-5698-42BF-B03D-903DAD37426E} = {276E3E91-8014-4735-99D7-2D33FB4A5979}
		{0362844C-F813-4C76-B434-08A79E57F6B4} = {51F26B8C-5698-42BF-B03D-903DAD37426E}
		{62358CF5-2757-40EB-93C2-5FD8A9F69649} = {D638BF5A-72D5-4F6C-9B30-71F3F8A55274}
		{A186986D-FA49-4071-B9E7-67DA3438564B} = {276E3E91-8014-4735-99D7-2D33FB4A5979}
		{E0E59EE2-DF43-47C8-97F3-98319DB83FAD} = {A186986D-FA49-4071-B9E7-67DA3438564B}
		{91AD2E97-E776-4848-A52C-B3B152C3754A} = {A186986D-FA49-4071-B9E7-67DA3438564B}
		{07EE31E7-8D67-40E1-9F03-2F719A93645D} = {A186986D-FA49-4071-B9E7-67DA3438564B}
		{21690B71-396F-4C62-849B-6B1415D8AD6E} = {A186986D-FA49-4071-B9E7-67DA3438564B}
	EndGlobalSection
	GlobalSection(ExtensibilityGlobals) = postSolution
		SolutionGuid = {99938832-35E2-4754-9962-AB11A357C16B}
	EndGlobalSection
EndGlobal
